
Microsoft Visual Studio Solution File, Format Version 12.00
# Visual Studio Version 17
VisualStudioVersion = 17.3.32929.385
MinimumVisualStudioVersion = 10.0.40219.1
Project("{FAE04EC0-301F-11D3-BF4B-00C04F79EFBC}") = "TestGitApp", "TestGitApp\TestGitApp.csproj", "{8F66F27C-57E6-49B3-A49D-EE21D31A73D8}"
EndProject
Global
	GlobalSection(SolutionConfigurationPlatforms) = preSolution
		Debug|Any CPU = Debug|Any CPU
		Release|Any CPU = Release|Any CPU
	EndGlobalSection
	GlobalSection(ProjectConfigurationPlatforms) = postSolution
		{8F66F27C-57E6-49B3-A49D-EE21D31A73D8}.Debug|Any CPU.ActiveCfg = Debug|Any CPU
		{8F66F27C-57E6-49B3-A49D-EE21D31A73D8}.Debug|Any CPU.Build.0 = Debug|Any CPU
		{8F66F27C-57E6-49B3-A49D-EE21D31A73D8}.Release|Any CPU.ActiveCfg = Release|Any CPU
		{8F66F27C-57E6-49B3-A49D-EE21D31A73D8}.Release|Any CPU.Build.0 = Release|Any CPU
	EndGlobalSection
	GlobalSection(SolutionProperties) = preSolution
		HideSolutionNode = FALSE
	EndGlobalSection
	GlobalSection(ExtensibilityGlobals) = postSolution
		SolutionGuid = {57A46481-9166-4065-887B-1B0179824DC2}
	EndGlobalSection
EndGlobal
